
Microsoft Visual Studio Solution File, Format Version 12.00
# Visual Studio Version 16
VisualStudioVersion = 16.0.30320.27
MinimumVisualStudioVersion = 10.0.40219.1
Project("{FAE04EC0-301F-11D3-BF4B-00C04F79EFBC}") = "MKopaSolar", "MKopaSolar\MKopaSolar.csproj", "{4189BAE0-4B57-4DB8-9123-E0745C273D75}"
EndProject
Project("{FAE04EC0-301F-11D3-BF4B-00C04F79EFBC}") = "MKopaSolarTest", "MKopaSolarTest\MKopaSolarTest.csproj", "{E970E6BA-343C-4C53-A32B-402069D5EC05}"
EndProject
Global
	GlobalSection(SolutionConfigurationPlatforms) = preSolution
		Debug|Any CPU = Debug|Any CPU
		Release|Any CPU = Release|Any CPU
	EndGlobalSection
	GlobalSection(ProjectConfigurationPlatforms) = postSolution
		{4189BAE0-4B57-4DB8-9123-E0745C273D75}.Debug|Any CPU.ActiveCfg = Debug|Any CPU
		{4189BAE0-4B57-4DB8-9123-E0745C273D75}.Debug|Any CPU.Build.0 = Debug|Any CPU
		{4189BAE0-4B57-4DB8-9123-E0745C273D75}.Release|Any CPU.ActiveCfg = Release|Any CPU
		{4189BAE0-4B57-4DB8-9123-E0745C273D75}.Release|Any CPU.Build.0 = Release|Any CPU
		{E970E6BA-343C-4C53-A32B-402069D5EC05}.Debug|Any CPU.ActiveCfg = Debug|Any CPU
		{E970E6BA-343C-4C53-A32B-402069D5EC05}.Debug|Any CPU.Build.0 = Debug|Any CPU
		{E970E6BA-343C-4C53-A32B-402069D5EC05}.Release|Any CPU.ActiveCfg = Release|Any CPU
		{E970E6BA-343C-4C53-A32B-402069D5EC05}.Release|Any CPU.Build.0 = Release|Any CPU
	EndGlobalSection
	GlobalSection(SolutionProperties) = preSolution
		HideSolutionNode = FALSE
	EndGlobalSection
	GlobalSection(ExtensibilityGlobals) = postSolution
		SolutionGuid = {9E1BB870-F4FA-41B4-A825-2BA8D0DDDEFC}
	EndGlobalSection
EndGlobal
